
Microsoft Visual Studio Solution File, Format Version 12.00
# Visual Studio Version 16
VisualStudioVersion = 16.0.31410.357
MinimumVisualStudioVersion = 10.0.40219.1
Project("{FAE04EC0-301F-11D3-BF4B-00C04F79EFBC}") = "tareaRE", "tareaRE.csproj", "{7E7809FE-5451-419A-AEFC-9CAA5AC79453}"
EndProject
Global
	GlobalSection(SolutionConfigurationPlatforms) = preSolution
		Debug|Any CPU = Debug|Any CPU
		Release|Any CPU = Release|Any CPU
	EndGlobalSection
	GlobalSection(ProjectConfigurationPlatforms) = postSolution
		{7E7809FE-5451-419A-AEFC-9CAA5AC79453}.Debug|Any CPU.ActiveCfg = Debug|Any CPU
		{7E7809FE-5451-419A-AEFC-9CAA5AC79453}.Debug|Any CPU.Build.0 = Debug|Any CPU
		{7E7809FE-5451-419A-AEFC-9CAA5AC79453}.Release|Any CPU.ActiveCfg = Release|Any CPU
		{7E7809FE-5451-419A-AEFC-9CAA5AC79453}.Release|Any CPU.Build.0 = Release|Any CPU
	EndGlobalSection
	GlobalSection(SolutionProperties) = preSolution
		HideSolutionNode = FALSE
	EndGlobalSection
	GlobalSection(ExtensibilityGlobals) = postSolution
		SolutionGuid = {4B0364F2-511E-4156-81C7-62E55FB49FBB}
	EndGlobalSection
EndGlobal
